// !$*UTF8*$!
{
	archiveVersion = 1;
	classes = {
	};
	objectVersion = 56;
	objects = {

/* Begin PBXBuildFile section */
		4D1EFB982B0A466200423596 /* ProductsList.xcassets in Resources */ = {isa = PBXBuildFile; fileRef = 4D212CBD2B08711800B63CC2 /* ProductsList.xcassets */; };
		4D1EFB992B0A468F00423596 /* ProductsList.xcstrings in Resources */ = {isa = PBXBuildFile; fileRef = 4D212CBF2B08711800B63CC2 /* ProductsList.xcstrings */; };
		4D212C6E2B086E3E00B63CC2 /* MarketApp.swift in Sources */ = {isa = PBXBuildFile; fileRef = 4D212C6D2B086E3E00B63CC2 /* MarketApp.swift */; };
		4D212C7B2B086E3F00B63CC2 /* Market Watch App.app in Embed Watch Content */ = {isa = PBXBuildFile; fileRef = 4D212C7A2B086E3F00B63CC2 /* Market Watch App.app */; settings = {ATTRIBUTES = (RemoveHeadersOnCopy, ); }; };
		4D212C802B086E3F00B63CC2 /* MarketApp.swift in Sources */ = {isa = PBXBuildFile; fileRef = 4D212C7F2B086E3F00B63CC2 /* MarketApp.swift */; };
		4D212C822B086E3F00B63CC2 /* ContentView.swift in Sources */ = {isa = PBXBuildFile; fileRef = 4D212C812B086E3F00B63CC2 /* ContentView.swift */; };
		4D212C842B086E4000B63CC2 /* Assets.xcassets in Resources */ = {isa = PBXBuildFile; fileRef = 4D212C832B086E4000B63CC2 /* Assets.xcassets */; };
		4D212C872B086E4000B63CC2 /* Preview Assets.xcassets in Resources */ = {isa = PBXBuildFile; fileRef = 4D212C862B086E4000B63CC2 /* Preview Assets.xcassets */; };
		4D212C9D2B086F5A00B63CC2 /* Assets.xcassets in Resources */ = {isa = PBXBuildFile; fileRef = 4D212C932B086F5A00B63CC2 /* Assets.xcassets */; };
		4D212C9F2B086F5A00B63CC2 /* Colors.xcassets in Resources */ = {isa = PBXBuildFile; fileRef = 4D212C952B086F5A00B63CC2 /* Colors.xcassets */; };
		4D212CA12B086F5A00B63CC2 /* CartView.swift in Sources */ = {isa = PBXBuildFile; fileRef = 4D212C9A2B086F5A00B63CC2 /* CartView.swift */; };
		4D212CA22B086F5A00B63CC2 /* ContentView.swift in Sources */ = {isa = PBXBuildFile; fileRef = 4D212C9B2B086F5A00B63CC2 /* ContentView.swift */; };
		4D212CAC2B0870BA00B63CC2 /* Market_Library.docc in Sources */ = {isa = PBXBuildFile; fileRef = 4D212CAB2B0870BA00B63CC2 /* Market_Library.docc */; };
		4D212CAD2B0870BA00B63CC2 /* Market_Library.h in Headers */ = {isa = PBXBuildFile; fileRef = 4D212CAA2B0870BA00B63CC2 /* Market_Library.h */; settings = {ATTRIBUTES = (Public, ); }; };
		4D212CB02B0870BA00B63CC2 /* Market_Library.framework in Frameworks */ = {isa = PBXBuildFile; fileRef = 4D212CA82B0870BA00B63CC2 /* Market_Library.framework */; };
		4D212CB12B0870BA00B63CC2 /* Market_Library.framework in Embed Frameworks */ = {isa = PBXBuildFile; fileRef = 4D212CA82B0870BA00B63CC2 /* Market_Library.framework */; settings = {ATTRIBUTES = (RemoveHeadersOnCopy, ); }; };
		4D212CD62B08711900B63CC2 /* CartUseCase.swift in Sources */ = {isa = PBXBuildFile; fileRef = 4D212CB72B08711800B63CC2 /* CartUseCase.swift */; };
		4D212CD72B08711900B63CC2 /* ProductsListUseCase.swift in Sources */ = {isa = PBXBuildFile; fileRef = 4D212CB82B08711800B63CC2 /* ProductsListUseCase.swift */; };
		4D212CD82B08711900B63CC2 /* Product.swift in Sources */ = {isa = PBXBuildFile; fileRef = 4D212CBA2B08711800B63CC2 /* Product.swift */; };
		4D212CD92B08711900B63CC2 /* Cart.swift in Sources */ = {isa = PBXBuildFile; fileRef = 4D212CBB2B08711800B63CC2 /* Cart.swift */; };
		4D212CDA2B08711900B63CC2 /* ProductsList.json in Resources */ = {isa = PBXBuildFile; fileRef = 4D212CBC2B08711800B63CC2 /* ProductsList.json */; };
		4D212CDC2B08711900B63CC2 /* Loadable.swift in Sources */ = {isa = PBXBuildFile; fileRef = 4D212CBE2B08711800B63CC2 /* Loadable.swift */; };
		4D212CDE2B08711900B63CC2 /* ProductsListRepository.swift in Sources */ = {isa = PBXBuildFile; fileRef = 4D212CC12B08711900B63CC2 /* ProductsListRepository.swift */; };
		4D212CDF2B08711900B63CC2 /* CartRepository.swift in Sources */ = {isa = PBXBuildFile; fileRef = 4D212CC22B08711900B63CC2 /* CartRepository.swift */; };
		4D212CE02B08711900B63CC2 /* CartDependency.swift in Sources */ = {isa = PBXBuildFile; fileRef = 4D212CC42B08711900B63CC2 /* CartDependency.swift */; };
		4D212CE12B08711900B63CC2 /* CartInjector.swift in Sources */ = {isa = PBXBuildFile; fileRef = 4D212CC62B08711900B63CC2 /* CartInjector.swift */; };
		4D212CE22B08711900B63CC2 /* ProductsListInjector.swift in Sources */ = {isa = PBXBuildFile; fileRef = 4D212CC72B08711900B63CC2 /* ProductsListInjector.swift */; };
		4D212CE32B08711900B63CC2 /* ProductsListDependency.swift in Sources */ = {isa = PBXBuildFile; fileRef = 4D212CC82B08711900B63CC2 /* ProductsListDependency.swift */; };
		4D212CE42B08711900B63CC2 /* CartDependenciesContainer.swift in Sources */ = {isa = PBXBuildFile; fileRef = 4D212CCA2B08711900B63CC2 /* CartDependenciesContainer.swift */; };
		4D212CE52B08711900B63CC2 /* ProductsListDependenciesContainer.swift in Sources */ = {isa = PBXBuildFile; fileRef = 4D212CCB2B08711900B63CC2 /* ProductsListDependenciesContainer.swift */; };
		4D212CE62B08711900B63CC2 /* MigrationDataBase.swift in Sources */ = {isa = PBXBuildFile; fileRef = 4D212CCC2B08711900B63CC2 /* MigrationDataBase.swift */; };
		4D212CE72B08711900B63CC2 /* ProductsListDataBaseDataSource.swift in Sources */ = {isa = PBXBuildFile; fileRef = 4D212CCF2B08711900B63CC2 /* ProductsListDataBaseDataSource.swift */; };
		4D212CE82B08711900B63CC2 /* ProductsListRemoteDataSource.swift in Sources */ = {isa = PBXBuildFile; fileRef = 4D212CD02B08711900B63CC2 /* ProductsListRemoteDataSource.swift */; };
		4D212CE92B08711900B63CC2 /* CartDataBaseDataSource.swift in Sources */ = {isa = PBXBuildFile; fileRef = 4D212CD22B08711900B63CC2 /* CartDataBaseDataSource.swift */; };
		4D212CEA2B08711900B63CC2 /* CartViewModel.swift in Sources */ = {isa = PBXBuildFile; fileRef = 4D212CD42B08711900B63CC2 /* CartViewModel.swift */; };
		4D212CEB2B08711900B63CC2 /* ProductsListViewModel.swift in Sources */ = {isa = PBXBuildFile; fileRef = 4D212CD52B08711900B63CC2 /* ProductsListViewModel.swift */; };
		4D212CF12B08D0FB00B63CC2 /* ProductsListView.swift in Sources */ = {isa = PBXBuildFile; fileRef = 4D212CF02B08D0FB00B63CC2 /* ProductsListView.swift */; };
		4DD4F7C02B0B6115006107C6 /* ProductListItemView.swift in Sources */ = {isa = PBXBuildFile; fileRef = 4DD4F7BF2B0B6115006107C6 /* ProductListItemView.swift */; };
		4DD4F7C42B0B65C1006107C6 /* Constants.swift in Sources */ = {isa = PBXBuildFile; fileRef = 4DD4F7C32B0B65C1006107C6 /* Constants.swift */; };
/* End PBXBuildFile section */

/* Begin PBXContainerItemProxy section */
		4D212C7C2B086E3F00B63CC2 /* PBXContainerItemProxy */ = {
			isa = PBXContainerItemProxy;
			containerPortal = 4D212C622B086E3D00B63CC2 /* Project object */;
			proxyType = 1;
			remoteGlobalIDString = 4D212C792B086E3F00B63CC2;
			remoteInfo = "Market Watch App";
		};
		4D212CAE2B0870BA00B63CC2 /* PBXContainerItemProxy */ = {
			isa = PBXContainerItemProxy;
			containerPortal = 4D212C622B086E3D00B63CC2 /* Project object */;
			proxyType = 1;
			remoteGlobalIDString = 4D212CA72B0870BA00B63CC2;
			remoteInfo = "Market Library";
		};
/* End PBXContainerItemProxy section */

/* Begin PBXCopyFilesBuildPhase section */
		4D212C8D2B086E4000B63CC2 /* Embed Watch Content */ = {
			isa = PBXCopyFilesBuildPhase;
			buildActionMask = 2147483647;
			dstPath = "$(CONTENTS_FOLDER_PATH)/Watch";
			dstSubfolderSpec = 16;
			files = (
				4D212C7B2B086E3F00B63CC2 /* Market Watch App.app in Embed Watch Content */,
			);
			name = "Embed Watch Content";
			runOnlyForDeploymentPostprocessing = 0;
		};
		4D212CB52B0870BA00B63CC2 /* Embed Frameworks */ = {
			isa = PBXCopyFilesBuildPhase;
			buildActionMask = 2147483647;
			dstPath = "";
			dstSubfolderSpec = 10;
			files = (
				4D212CB12B0870BA00B63CC2 /* Market_Library.framework in Embed Frameworks */,
			);
			name = "Embed Frameworks";
			runOnlyForDeploymentPostprocessing = 0;
		};
/* End PBXCopyFilesBuildPhase section */

/* Begin PBXFileReference section */
		4D212C6A2B086E3E00B63CC2 /* Market.app */ = {isa = PBXFileReference; explicitFileType = wrapper.application; includeInIndex = 0; path = Market.app; sourceTree = BUILT_PRODUCTS_DIR; };
		4D212C6D2B086E3E00B63CC2 /* MarketApp.swift */ = {isa = PBXFileReference; lastKnownFileType = sourcecode.swift; path = MarketApp.swift; sourceTree = "<group>"; };
		4D212C7A2B086E3F00B63CC2 /* Market Watch App.app */ = {isa = PBXFileReference; explicitFileType = wrapper.application; includeInIndex = 0; path = "Market Watch App.app"; sourceTree = BUILT_PRODUCTS_DIR; };
		4D212C7F2B086E3F00B63CC2 /* MarketApp.swift */ = {isa = PBXFileReference; lastKnownFileType = sourcecode.swift; path = MarketApp.swift; sourceTree = "<group>"; };
		4D212C812B086E3F00B63CC2 /* ContentView.swift */ = {isa = PBXFileReference; lastKnownFileType = sourcecode.swift; path = ContentView.swift; sourceTree = "<group>"; };
		4D212C832B086E4000B63CC2 /* Assets.xcassets */ = {isa = PBXFileReference; lastKnownFileType = folder.assetcatalog; path = Assets.xcassets; sourceTree = "<group>"; };
		4D212C862B086E4000B63CC2 /* Preview Assets.xcassets */ = {isa = PBXFileReference; lastKnownFileType = folder.assetcatalog; path = "Preview Assets.xcassets"; sourceTree = "<group>"; };
		4D212C922B086F5A00B63CC2 /* Preview Assets.xcassets */ = {isa = PBXFileReference; lastKnownFileType = folder.assetcatalog; path = "Preview Assets.xcassets"; sourceTree = "<group>"; };
		4D212C932B086F5A00B63CC2 /* Assets.xcassets */ = {isa = PBXFileReference; lastKnownFileType = folder.assetcatalog; path = Assets.xcassets; sourceTree = "<group>"; };
		4D212C952B086F5A00B63CC2 /* Colors.xcassets */ = {isa = PBXFileReference; lastKnownFileType = folder.assetcatalog; path = Colors.xcassets; sourceTree = "<group>"; };
		4D212C9A2B086F5A00B63CC2 /* CartView.swift */ = {isa = PBXFileReference; fileEncoding = 4; lastKnownFileType = sourcecode.swift; path = CartView.swift; sourceTree = "<group>"; };
		4D212C9B2B086F5A00B63CC2 /* ContentView.swift */ = {isa = PBXFileReference; fileEncoding = 4; lastKnownFileType = sourcecode.swift; path = ContentView.swift; sourceTree = "<group>"; };
		4D212CA82B0870BA00B63CC2 /* Market_Library.framework */ = {isa = PBXFileReference; explicitFileType = wrapper.framework; includeInIndex = 0; path = Market_Library.framework; sourceTree = BUILT_PRODUCTS_DIR; };
		4D212CAA2B0870BA00B63CC2 /* Market_Library.h */ = {isa = PBXFileReference; lastKnownFileType = sourcecode.c.h; path = Market_Library.h; sourceTree = "<group>"; };
		4D212CAB2B0870BA00B63CC2 /* Market_Library.docc */ = {isa = PBXFileReference; lastKnownFileType = folder.documentationcatalog; path = Market_Library.docc; sourceTree = "<group>"; };
		4D212CB72B08711800B63CC2 /* CartUseCase.swift */ = {isa = PBXFileReference; fileEncoding = 4; lastKnownFileType = sourcecode.swift; path = CartUseCase.swift; sourceTree = "<group>"; };
		4D212CB82B08711800B63CC2 /* ProductsListUseCase.swift */ = {isa = PBXFileReference; fileEncoding = 4; lastKnownFileType = sourcecode.swift; path = ProductsListUseCase.swift; sourceTree = "<group>"; };
		4D212CBA2B08711800B63CC2 /* Product.swift */ = {isa = PBXFileReference; fileEncoding = 4; lastKnownFileType = sourcecode.swift; path = Product.swift; sourceTree = "<group>"; };
		4D212CBB2B08711800B63CC2 /* Cart.swift */ = {isa = PBXFileReference; fileEncoding = 4; lastKnownFileType = sourcecode.swift; path = Cart.swift; sourceTree = "<group>"; };
		4D212CBC2B08711800B63CC2 /* ProductsList.json */ = {isa = PBXFileReference; fileEncoding = 4; lastKnownFileType = text.json; path = ProductsList.json; sourceTree = "<group>"; };
		4D212CBD2B08711800B63CC2 /* ProductsList.xcassets */ = {isa = PBXFileReference; lastKnownFileType = folder.assetcatalog; path = ProductsList.xcassets; sourceTree = "<group>"; };
		4D212CBE2B08711800B63CC2 /* Loadable.swift */ = {isa = PBXFileReference; fileEncoding = 4; lastKnownFileType = sourcecode.swift; path = Loadable.swift; sourceTree = "<group>"; };
		4D212CBF2B08711800B63CC2 /* ProductsList.xcstrings */ = {isa = PBXFileReference; fileEncoding = 4; lastKnownFileType = text.json.xcstrings; path = ProductsList.xcstrings; sourceTree = "<group>"; };
		4D212CC12B08711900B63CC2 /* ProductsListRepository.swift */ = {isa = PBXFileReference; fileEncoding = 4; lastKnownFileType = sourcecode.swift; path = ProductsListRepository.swift; sourceTree = "<group>"; };
		4D212CC22B08711900B63CC2 /* CartRepository.swift */ = {isa = PBXFileReference; fileEncoding = 4; lastKnownFileType = sourcecode.swift; path = CartRepository.swift; sourceTree = "<group>"; };
		4D212CC42B08711900B63CC2 /* CartDependency.swift */ = {isa = PBXFileReference; fileEncoding = 4; lastKnownFileType = sourcecode.swift; path = CartDependency.swift; sourceTree = "<group>"; };
		4D212CC62B08711900B63CC2 /* CartInjector.swift */ = {isa = PBXFileReference; fileEncoding = 4; lastKnownFileType = sourcecode.swift; path = CartInjector.swift; sourceTree = "<group>"; };
		4D212CC72B08711900B63CC2 /* ProductsListInjector.swift */ = {isa = PBXFileReference; fileEncoding = 4; lastKnownFileType = sourcecode.swift; path = ProductsListInjector.swift; sourceTree = "<group>"; };
		4D212CC82B08711900B63CC2 /* ProductsListDependency.swift */ = {isa = PBXFileReference; fileEncoding = 4; lastKnownFileType = sourcecode.swift; path = ProductsListDependency.swift; sourceTree = "<group>"; };
		4D212CCA2B08711900B63CC2 /* CartDependenciesContainer.swift */ = {isa = PBXFileReference; fileEncoding = 4; lastKnownFileType = sourcecode.swift; path = CartDependenciesContainer.swift; sourceTree = "<group>"; };
		4D212CCB2B08711900B63CC2 /* ProductsListDependenciesContainer.swift */ = {isa = PBXFileReference; fileEncoding = 4; lastKnownFileType = sourcecode.swift; path = ProductsListDependenciesContainer.swift; sourceTree = "<group>"; };
		4D212CCC2B08711900B63CC2 /* MigrationDataBase.swift */ = {isa = PBXFileReference; fileEncoding = 4; lastKnownFileType = sourcecode.swift; path = MigrationDataBase.swift; sourceTree = "<group>"; };
		4D212CCF2B08711900B63CC2 /* ProductsListDataBaseDataSource.swift */ = {isa = PBXFileReference; fileEncoding = 4; lastKnownFileType = sourcecode.swift; path = ProductsListDataBaseDataSource.swift; sourceTree = "<group>"; };
		4D212CD02B08711900B63CC2 /* ProductsListRemoteDataSource.swift */ = {isa = PBXFileReference; fileEncoding = 4; lastKnownFileType = sourcecode.swift; path = ProductsListRemoteDataSource.swift; sourceTree = "<group>"; };
		4D212CD22B08711900B63CC2 /* CartDataBaseDataSource.swift */ = {isa = PBXFileReference; fileEncoding = 4; lastKnownFileType = sourcecode.swift; path = CartDataBaseDataSource.swift; sourceTree = "<group>"; };
		4D212CD42B08711900B63CC2 /* CartViewModel.swift */ = {isa = PBXFileReference; fileEncoding = 4; lastKnownFileType = sourcecode.swift; path = CartViewModel.swift; sourceTree = "<group>"; };
		4D212CD52B08711900B63CC2 /* ProductsListViewModel.swift */ = {isa = PBXFileReference; fileEncoding = 4; lastKnownFileType = sourcecode.swift; path = ProductsListViewModel.swift; sourceTree = "<group>"; };
		4D212CF02B08D0FB00B63CC2 /* ProductsListView.swift */ = {isa = PBXFileReference; lastKnownFileType = sourcecode.swift; path = ProductsListView.swift; sourceTree = "<group>"; };
		4DD4F7BF2B0B6115006107C6 /* ProductListItemView.swift */ = {isa = PBXFileReference; lastKnownFileType = sourcecode.swift; path = ProductListItemView.swift; sourceTree = "<group>"; };
		4DD4F7C32B0B65C1006107C6 /* Constants.swift */ = {isa = PBXFileReference; lastKnownFileType = sourcecode.swift; path = Constants.swift; sourceTree = "<group>"; };
/* End PBXFileReference section */

/* Begin PBXFrameworksBuildPhase section */
		4D212C672B086E3E00B63CC2 /* Frameworks */ = {
			isa = PBXFrameworksBuildPhase;
			buildActionMask = 2147483647;
			files = (
				4D212CB02B0870BA00B63CC2 /* Market_Library.framework in Frameworks */,
			);
			runOnlyForDeploymentPostprocessing = 0;
		};
		4D212C772B086E3F00B63CC2 /* Frameworks */ = {
			isa = PBXFrameworksBuildPhase;
			buildActionMask = 2147483647;
			files = (
			);
			runOnlyForDeploymentPostprocessing = 0;
		};
		4D212CA52B0870BA00B63CC2 /* Frameworks */ = {
			isa = PBXFrameworksBuildPhase;
			buildActionMask = 2147483647;
			files = (
			);
			runOnlyForDeploymentPostprocessing = 0;
		};
/* End PBXFrameworksBuildPhase section */

/* Begin PBXGroup section */
		4D212C612B086E3D00B63CC2 = {
			isa = PBXGroup;
			children = (
				4D212C6C2B086E3E00B63CC2 /* Market */,
				4D212C7E2B086E3F00B63CC2 /* Market Watch App */,
				4D212CA92B0870BA00B63CC2 /* Market Library */,
				4D212C6B2B086E3E00B63CC2 /* Products */,
			);
			sourceTree = "<group>";
		};
		4D212C6B2B086E3E00B63CC2 /* Products */ = {
			isa = PBXGroup;
			children = (
				4D212C6A2B086E3E00B63CC2 /* Market.app */,
				4D212C7A2B086E3F00B63CC2 /* Market Watch App.app */,
				4D212CA82B0870BA00B63CC2 /* Market_Library.framework */,
			);
			name = Products;
			sourceTree = "<group>";
		};
		4D212C6C2B086E3E00B63CC2 /* Market */ = {
			isa = PBXGroup;
			children = (
				4D212C952B086F5A00B63CC2 /* Colors.xcassets */,
				4D212C932B086F5A00B63CC2 /* Assets.xcassets */,
				4D212C6D2B086E3E00B63CC2 /* MarketApp.swift */,
				4D212C962B086F5A00B63CC2 /* Presentation */,
				4D212C912B086F5A00B63CC2 /* Preview Content */,
			);
			path = Market;
			sourceTree = "<group>";
		};
		4D212C7E2B086E3F00B63CC2 /* Market Watch App */ = {
			isa = PBXGroup;
			children = (
				4D212C7F2B086E3F00B63CC2 /* MarketApp.swift */,
				4D212C812B086E3F00B63CC2 /* ContentView.swift */,
				4D212C832B086E4000B63CC2 /* Assets.xcassets */,
				4D212C852B086E4000B63CC2 /* Preview Content */,
			);
			path = "Market Watch App";
			sourceTree = "<group>";
		};
		4D212C852B086E4000B63CC2 /* Preview Content */ = {
			isa = PBXGroup;
			children = (
				4D212C862B086E4000B63CC2 /* Preview Assets.xcassets */,
			);
			path = "Preview Content";
			sourceTree = "<group>";
		};
		4D212C912B086F5A00B63CC2 /* Preview Content */ = {
			isa = PBXGroup;
			children = (
				4D212C922B086F5A00B63CC2 /* Preview Assets.xcassets */,
			);
			path = "Preview Content";
			sourceTree = "<group>";
		};
		4D212C962B086F5A00B63CC2 /* Presentation */ = {
			isa = PBXGroup;
			children = (
				4D212C9B2B086F5A00B63CC2 /* ContentView.swift */,
				4D212C972B086F5A00B63CC2 /* List */,
				4D212C992B086F5A00B63CC2 /* Cart */,
			);
			path = Presentation;
			sourceTree = "<group>";
		};
		4D212C972B086F5A00B63CC2 /* List */ = {
			isa = PBXGroup;
			children = (
				4D212CF02B08D0FB00B63CC2 /* ProductsListView.swift */,
				4DD4F7BF2B0B6115006107C6 /* ProductListItemView.swift */,
			);
			path = List;
			sourceTree = "<group>";
		};
		4D212C992B086F5A00B63CC2 /* Cart */ = {
			isa = PBXGroup;
			children = (
				4D212C9A2B086F5A00B63CC2 /* CartView.swift */,
			);
			path = Cart;
			sourceTree = "<group>";
		};
		4D212CA92B0870BA00B63CC2 /* Market Library */ = {
			isa = PBXGroup;
			children = (
				4D212CAA2B0870BA00B63CC2 /* Market_Library.h */,
				4D212CAB2B0870BA00B63CC2 /* Market_Library.docc */,
				4DD4F7C32B0B65C1006107C6 /* Constants.swift */,
				4D212CBE2B08711800B63CC2 /* Loadable.swift */,
				4D212CCC2B08711900B63CC2 /* MigrationDataBase.swift */,
				4D212CBC2B08711800B63CC2 /* ProductsList.json */,
				4D212CBD2B08711800B63CC2 /* ProductsList.xcassets */,
				4D212CBF2B08711800B63CC2 /* ProductsList.xcstrings */,
				4D212CCD2B08711900B63CC2 /* DataSources */,
				4D212CC32B08711900B63CC2 /* DI */,
				4D212CB92B08711800B63CC2 /* Entities */,
				4D212CC02B08711900B63CC2 /* Repositories */,
				4D212CB62B08711800B63CC2 /* UseCases */,
				4D212CD32B08711900B63CC2 /* ViewModels */,
			);
			path = "Market Library";
			sourceTree = "<group>";
		};
		4D212CB62B08711800B63CC2 /* UseCases */ = {
			isa = PBXGroup;
			children = (
				4D212CB72B08711800B63CC2 /* CartUseCase.swift */,
				4D212CB82B08711800B63CC2 /* ProductsListUseCase.swift */,
			);
			path = UseCases;
			sourceTree = "<group>";
		};
		4D212CB92B08711800B63CC2 /* Entities */ = {
			isa = PBXGroup;
			children = (
				4D212CBA2B08711800B63CC2 /* Product.swift */,
				4D212CBB2B08711800B63CC2 /* Cart.swift */,
			);
			path = Entities;
			sourceTree = "<group>";
		};
		4D212CC02B08711900B63CC2 /* Repositories */ = {
			isa = PBXGroup;
			children = (
				4D212CC12B08711900B63CC2 /* ProductsListRepository.swift */,
				4D212CC22B08711900B63CC2 /* CartRepository.swift */,
			);
			path = Repositories;
			sourceTree = "<group>";
		};
		4D212CC32B08711900B63CC2 /* DI */ = {
			isa = PBXGroup;
			children = (
				4D212CC42B08711900B63CC2 /* CartDependency.swift */,
				4D212CC82B08711900B63CC2 /* ProductsListDependency.swift */,
				4D212CC52B08711900B63CC2 /* Injectors */,
				4D212CC92B08711900B63CC2 /* Containers */,
			);
			path = DI;
			sourceTree = "<group>";
		};
		4D212CC52B08711900B63CC2 /* Injectors */ = {
			isa = PBXGroup;
			children = (
				4D212CC62B08711900B63CC2 /* CartInjector.swift */,
				4D212CC72B08711900B63CC2 /* ProductsListInjector.swift */,
			);
			path = Injectors;
			sourceTree = "<group>";
		};
		4D212CC92B08711900B63CC2 /* Containers */ = {
			isa = PBXGroup;
			children = (
				4D212CCA2B08711900B63CC2 /* CartDependenciesContainer.swift */,
				4D212CCB2B08711900B63CC2 /* ProductsListDependenciesContainer.swift */,
			);
			path = Containers;
			sourceTree = "<group>";
		};
		4D212CCD2B08711900B63CC2 /* DataSources */ = {
			isa = PBXGroup;
			children = (
				4D212CCE2B08711900B63CC2 /* ProductsList */,
				4D212CD12B08711900B63CC2 /* Cart */,
			);
			path = DataSources;
			sourceTree = "<group>";
		};
		4D212CCE2B08711900B63CC2 /* ProductsList */ = {
			isa = PBXGroup;
			children = (
				4D212CCF2B08711900B63CC2 /* ProductsListDataBaseDataSource.swift */,
				4D212CD02B08711900B63CC2 /* ProductsListRemoteDataSource.swift */,
			);
			path = ProductsList;
			sourceTree = "<group>";
		};
		4D212CD12B08711900B63CC2 /* Cart */ = {
			isa = PBXGroup;
			children = (
				4D212CD22B08711900B63CC2 /* CartDataBaseDataSource.swift */,
			);
			path = Cart;
			sourceTree = "<group>";
		};
		4D212CD32B08711900B63CC2 /* ViewModels */ = {
			isa = PBXGroup;
			children = (
				4D212CD42B08711900B63CC2 /* CartViewModel.swift */,
				4D212CD52B08711900B63CC2 /* ProductsListViewModel.swift */,
			);
			path = ViewModels;
			sourceTree = "<group>";
		};
/* End PBXGroup section */

/* Begin PBXHeadersBuildPhase section */
		4D212CA32B0870BA00B63CC2 /* Headers */ = {
			isa = PBXHeadersBuildPhase;
			buildActionMask = 2147483647;
			files = (
				4D212CAD2B0870BA00B63CC2 /* Market_Library.h in Headers */,
			);
			runOnlyForDeploymentPostprocessing = 0;
		};
/* End PBXHeadersBuildPhase section */

/* Begin PBXNativeTarget section */
		4D212C692B086E3E00B63CC2 /* Market */ = {
			isa = PBXNativeTarget;
			buildConfigurationList = 4D212C8E2B086E4000B63CC2 /* Build configuration list for PBXNativeTarget "Market" */;
			buildPhases = (
				4D212C662B086E3E00B63CC2 /* Sources */,
				4D212C672B086E3E00B63CC2 /* Frameworks */,
				4D212C682B086E3E00B63CC2 /* Resources */,
				4D212C8D2B086E4000B63CC2 /* Embed Watch Content */,
				4D212CB52B0870BA00B63CC2 /* Embed Frameworks */,
			);
			buildRules = (
			);
			dependencies = (
				4D212C7D2B086E3F00B63CC2 /* PBXTargetDependency */,
				4D212CAF2B0870BA00B63CC2 /* PBXTargetDependency */,
			);
			name = Market;
			productName = Market;
			productReference = 4D212C6A2B086E3E00B63CC2 /* Market.app */;
			productType = "com.apple.product-type.application";
		};
		4D212C792B086E3F00B63CC2 /* Market Watch App */ = {
			isa = PBXNativeTarget;
			buildConfigurationList = 4D212C8A2B086E4000B63CC2 /* Build configuration list for PBXNativeTarget "Market Watch App" */;
			buildPhases = (
				4D212C762B086E3F00B63CC2 /* Sources */,
				4D212C772B086E3F00B63CC2 /* Frameworks */,
				4D212C782B086E3F00B63CC2 /* Resources */,
			);
			buildRules = (
			);
			dependencies = (
			);
			name = "Market Watch App";
			productName = "Market Watch App";
			productReference = 4D212C7A2B086E3F00B63CC2 /* Market Watch App.app */;
			productType = "com.apple.product-type.application";
		};
		4D212CA72B0870BA00B63CC2 /* Market Library */ = {
			isa = PBXNativeTarget;
			buildConfigurationList = 4D212CB22B0870BA00B63CC2 /* Build configuration list for PBXNativeTarget "Market Library" */;
			buildPhases = (
				4D212CA32B0870BA00B63CC2 /* Headers */,
				4D212CA42B0870BA00B63CC2 /* Sources */,
				4D212CA52B0870BA00B63CC2 /* Frameworks */,
				4D212CA62B0870BA00B63CC2 /* Resources */,
			);
			buildRules = (
			);
			dependencies = (
			);
			name = "Market Library";
			productName = "Market Library";
			productReference = 4D212CA82B0870BA00B63CC2 /* Market_Library.framework */;
			productType = "com.apple.product-type.framework";
		};
/* End PBXNativeTarget section */

/* Begin PBXProject section */
		4D212C622B086E3D00B63CC2 /* Project object */ = {
			isa = PBXProject;
			attributes = {
				BuildIndependentTargetsInParallel = 1;
				LastSwiftUpdateCheck = 1510;
				LastUpgradeCheck = 1510;
				TargetAttributes = {
					4D212C692B086E3E00B63CC2 = {
						CreatedOnToolsVersion = 15.1;
					};
					4D212C792B086E3F00B63CC2 = {
						CreatedOnToolsVersion = 15.1;
					};
					4D212CA72B0870BA00B63CC2 = {
						CreatedOnToolsVersion = 15.1;
					};
				};
			};
			buildConfigurationList = 4D212C652B086E3D00B63CC2 /* Build configuration list for PBXProject "Market" */;
			compatibilityVersion = "Xcode 14.0";
			developmentRegion = en;
			hasScannedForEncodings = 0;
			knownRegions = (
				en,
				Base,
				uk,
			);
			mainGroup = 4D212C612B086E3D00B63CC2;
			productRefGroup = 4D212C6B2B086E3E00B63CC2 /* Products */;
			projectDirPath = "";
			projectRoot = "";
			targets = (
				4D212C692B086E3E00B63CC2 /* Market */,
				4D212C792B086E3F00B63CC2 /* Market Watch App */,
				4D212CA72B0870BA00B63CC2 /* Market Library */,
			);
		};
/* End PBXProject section */

/* Begin PBXResourcesBuildPhase section */
		4D212C682B086E3E00B63CC2 /* Resources */ = {
			isa = PBXResourcesBuildPhase;
			buildActionMask = 2147483647;
			files = (
				4D212C9D2B086F5A00B63CC2 /* Assets.xcassets in Resources */,
				4D212C9F2B086F5A00B63CC2 /* Colors.xcassets in Resources */,
			);
			runOnlyForDeploymentPostprocessing = 0;
		};
		4D212C782B086E3F00B63CC2 /* Resources */ = {
			isa = PBXResourcesBuildPhase;
			buildActionMask = 2147483647;
			files = (
				4D212C872B086E4000B63CC2 /* Preview Assets.xcassets in Resources */,
				4D212C842B086E4000B63CC2 /* Assets.xcassets in Resources */,
			);
			runOnlyForDeploymentPostprocessing = 0;
		};
		4D212CA62B0870BA00B63CC2 /* Resources */ = {
			isa = PBXResourcesBuildPhase;
			buildActionMask = 2147483647;
			files = (
				4D1EFB982B0A466200423596 /* ProductsList.xcassets in Resources */,
				4D212CDA2B08711900B63CC2 /* ProductsList.json in Resources */,
				4D1EFB992B0A468F00423596 /* ProductsList.xcstrings in Resources */,
			);
			runOnlyForDeploymentPostprocessing = 0;
		};
/* End PBXResourcesBuildPhase section */

/* Begin PBXSourcesBuildPhase section */
		4D212C662B086E3E00B63CC2 /* Sources */ = {
			isa = PBXSourcesBuildPhase;
			buildActionMask = 2147483647;
			files = (
				4D212CF12B08D0FB00B63CC2 /* ProductsListView.swift in Sources */,
				4D212CA12B086F5A00B63CC2 /* CartView.swift in Sources */,
				4D212CA22B086F5A00B63CC2 /* ContentView.swift in Sources */,
				4D212C6E2B086E3E00B63CC2 /* MarketApp.swift in Sources */,
				4DD4F7C02B0B6115006107C6 /* ProductListItemView.swift in Sources */,
			);
			runOnlyForDeploymentPostprocessing = 0;
		};
		4D212C762B086E3F00B63CC2 /* Sources */ = {
			isa = PBXSourcesBuildPhase;
			buildActionMask = 2147483647;
			files = (
				4D212C822B086E3F00B63CC2 /* ContentView.swift in Sources */,
				4D212C802B086E3F00B63CC2 /* MarketApp.swift in Sources */,
			);
			runOnlyForDeploymentPostprocessing = 0;
		};
		4D212CA42B0870BA00B63CC2 /* Sources */ = {
			isa = PBXSourcesBuildPhase;
			buildActionMask = 2147483647;
			files = (
				4D212CAC2B0870BA00B63CC2 /* Market_Library.docc in Sources */,
				4D212CD72B08711900B63CC2 /* ProductsListUseCase.swift in Sources */,
				4D212CDF2B08711900B63CC2 /* CartRepository.swift in Sources */,
				4D212CD82B08711900B63CC2 /* Product.swift in Sources */,
				4D212CEA2B08711900B63CC2 /* CartViewModel.swift in Sources */,
				4D212CE02B08711900B63CC2 /* CartDependency.swift in Sources */,
				4D212CE52B08711900B63CC2 /* ProductsListDependenciesContainer.swift in Sources */,
				4D212CDE2B08711900B63CC2 /* ProductsListRepository.swift in Sources */,
				4D212CE12B08711900B63CC2 /* CartInjector.swift in Sources */,
				4D212CE92B08711900B63CC2 /* CartDataBaseDataSource.swift in Sources */,
				4D212CD92B08711900B63CC2 /* Cart.swift in Sources */,
				4DD4F7C42B0B65C1006107C6 /* Constants.swift in Sources */,
				4D212CE22B08711900B63CC2 /* ProductsListInjector.swift in Sources */,
				4D212CE62B08711900B63CC2 /* MigrationDataBase.swift in Sources */,
				4D212CD62B08711900B63CC2 /* CartUseCase.swift in Sources */,
				4D212CEB2B08711900B63CC2 /* ProductsListViewModel.swift in Sources */,
				4D212CE42B08711900B63CC2 /* CartDependenciesContainer.swift in Sources */,
				4D212CE32B08711900B63CC2 /* ProductsListDependency.swift in Sources */,
				4D212CDC2B08711900B63CC2 /* Loadable.swift in Sources */,
				4D212CE72B08711900B63CC2 /* ProductsListDataBaseDataSource.swift in Sources */,
				4D212CE82B08711900B63CC2 /* ProductsListRemoteDataSource.swift in Sources */,
			);
			runOnlyForDeploymentPostprocessing = 0;
		};
/* End PBXSourcesBuildPhase section */

/* Begin PBXTargetDependency section */
		4D212C7D2B086E3F00B63CC2 /* PBXTargetDependency */ = {
			isa = PBXTargetDependency;
			target = 4D212C792B086E3F00B63CC2 /* Market Watch App */;
			targetProxy = 4D212C7C2B086E3F00B63CC2 /* PBXContainerItemProxy */;
		};
		4D212CAF2B0870BA00B63CC2 /* PBXTargetDependency */ = {
			isa = PBXTargetDependency;
			target = 4D212CA72B0870BA00B63CC2 /* Market Library */;
			targetProxy = 4D212CAE2B0870BA00B63CC2 /* PBXContainerItemProxy */;
		};
/* End PBXTargetDependency section */

/* Begin XCBuildConfiguration section */
		4D212C882B086E4000B63CC2 /* Debug */ = {
			isa = XCBuildConfiguration;
			buildSettings = {
				ALWAYS_SEARCH_USER_PATHS = NO;
				ASSETCATALOG_COMPILER_GENERATE_SWIFT_ASSET_SYMBOL_EXTENSIONS = YES;
				CLANG_ANALYZER_NONNULL = YES;
				CLANG_ANALYZER_NUMBER_OBJECT_CONVERSION = YES_AGGRESSIVE;
				CLANG_CXX_LANGUAGE_STANDARD = "gnu++20";
				CLANG_ENABLE_MODULES = YES;
				CLANG_ENABLE_OBJC_ARC = YES;
				CLANG_ENABLE_OBJC_WEAK = YES;
				CLANG_WARN_BLOCK_CAPTURE_AUTORELEASING = YES;
				CLANG_WARN_BOOL_CONVERSION = YES;
				CLANG_WARN_COMMA = YES;
				CLANG_WARN_CONSTANT_CONVERSION = YES;
				CLANG_WARN_DEPRECATED_OBJC_IMPLEMENTATIONS = YES;
				CLANG_WARN_DIRECT_OBJC_ISA_USAGE = YES_ERROR;
				CLANG_WARN_DOCUMENTATION_COMMENTS = YES;
				CLANG_WARN_EMPTY_BODY = YES;
				CLANG_WARN_ENUM_CONVERSION = YES;
				CLANG_WARN_INFINITE_RECURSION = YES;
				CLANG_WARN_INT_CONVERSION = YES;
				CLANG_WARN_NON_LITERAL_NULL_CONVERSION = YES;
				CLANG_WARN_OBJC_IMPLICIT_RETAIN_SELF = YES;
				CLANG_WARN_OBJC_LITERAL_CONVERSION = YES;
				CLANG_WARN_OBJC_ROOT_CLASS = YES_ERROR;
				CLANG_WARN_QUOTED_INCLUDE_IN_FRAMEWORK_HEADER = YES;
				CLANG_WARN_RANGE_LOOP_ANALYSIS = YES;
				CLANG_WARN_STRICT_PROTOTYPES = YES;
				CLANG_WARN_SUSPICIOUS_MOVE = YES;
				CLANG_WARN_UNGUARDED_AVAILABILITY = YES_AGGRESSIVE;
				CLANG_WARN_UNREACHABLE_CODE = YES;
				CLANG_WARN__DUPLICATE_METHOD_MATCH = YES;
				COPY_PHASE_STRIP = NO;
				DEBUG_INFORMATION_FORMAT = dwarf;
				ENABLE_STRICT_OBJC_MSGSEND = YES;
				ENABLE_TESTABILITY = YES;
				ENABLE_USER_SCRIPT_SANDBOXING = YES;
				GCC_C_LANGUAGE_STANDARD = gnu17;
				GCC_DYNAMIC_NO_PIC = NO;
				GCC_NO_COMMON_BLOCKS = YES;
				GCC_OPTIMIZATION_LEVEL = 0;
				GCC_PREPROCESSOR_DEFINITIONS = (
					"DEBUG=1",
					"$(inherited)",
				);
				GCC_WARN_64_TO_32_BIT_CONVERSION = YES;
				GCC_WARN_ABOUT_RETURN_TYPE = YES_ERROR;
				GCC_WARN_UNDECLARED_SELECTOR = YES;
				GCC_WARN_UNINITIALIZED_AUTOS = YES_AGGRESSIVE;
				GCC_WARN_UNUSED_FUNCTION = YES;
				GCC_WARN_UNUSED_VARIABLE = YES;
				LOCALIZATION_PREFERS_STRING_CATALOGS = YES;
				MTL_ENABLE_DEBUG_INFO = INCLUDE_SOURCE;
				MTL_FAST_MATH = YES;
				ONLY_ACTIVE_ARCH = YES;
				SWIFT_ACTIVE_COMPILATION_CONDITIONS = "DEBUG $(inherited)";
				SWIFT_OPTIMIZATION_LEVEL = "-Onone";
			};
			name = Debug;
		};
		4D212C892B086E4000B63CC2 /* Release */ = {
			isa = XCBuildConfiguration;
			buildSettings = {
				ALWAYS_SEARCH_USER_PATHS = NO;
				ASSETCATALOG_COMPILER_GENERATE_SWIFT_ASSET_SYMBOL_EXTENSIONS = YES;
				CLANG_ANALYZER_NONNULL = YES;
				CLANG_ANALYZER_NUMBER_OBJECT_CONVERSION = YES_AGGRESSIVE;
				CLANG_CXX_LANGUAGE_STANDARD = "gnu++20";
				CLANG_ENABLE_MODULES = YES;
				CLANG_ENABLE_OBJC_ARC = YES;
				CLANG_ENABLE_OBJC_WEAK = YES;
				CLANG_WARN_BLOCK_CAPTURE_AUTORELEASING = YES;
				CLANG_WARN_BOOL_CONVERSION = YES;
				CLANG_WARN_COMMA = YES;
				CLANG_WARN_CONSTANT_CONVERSION = YES;
				CLANG_WARN_DEPRECATED_OBJC_IMPLEMENTATIONS = YES;
				CLANG_WARN_DIRECT_OBJC_ISA_USAGE = YES_ERROR;
				CLANG_WARN_DOCUMENTATION_COMMENTS = YES;
				CLANG_WARN_EMPTY_BODY = YES;
				CLANG_WARN_ENUM_CONVERSION = YES;
				CLANG_WARN_INFINITE_RECURSION = YES;
				CLANG_WARN_INT_CONVERSION = YES;
				CLANG_WARN_NON_LITERAL_NULL_CONVERSION = YES;
				CLANG_WARN_OBJC_IMPLICIT_RETAIN_SELF = YES;
				CLANG_WARN_OBJC_LITERAL_CONVERSION = YES;
				CLANG_WARN_OBJC_ROOT_CLASS = YES_ERROR;
				CLANG_WARN_QUOTED_INCLUDE_IN_FRAMEWORK_HEADER = YES;
				CLANG_WARN_RANGE_LOOP_ANALYSIS = YES;
				CLANG_WARN_STRICT_PROTOTYPES = YES;
				CLANG_WARN_SUSPICIOUS_MOVE = YES;
				CLANG_WARN_UNGUARDED_AVAILABILITY = YES_AGGRESSIVE;
				CLANG_WARN_UNREACHABLE_CODE = YES;
				CLANG_WARN__DUPLICATE_METHOD_MATCH = YES;
				COPY_PHASE_STRIP = NO;
				DEBUG_INFORMATION_FORMAT = "dwarf-with-dsym";
				ENABLE_NS_ASSERTIONS = NO;
				ENABLE_STRICT_OBJC_MSGSEND = YES;
				ENABLE_USER_SCRIPT_SANDBOXING = YES;
				GCC_C_LANGUAGE_STANDARD = gnu17;
				GCC_NO_COMMON_BLOCKS = YES;
				GCC_WARN_64_TO_32_BIT_CONVERSION = YES;
				GCC_WARN_ABOUT_RETURN_TYPE = YES_ERROR;
				GCC_WARN_UNDECLARED_SELECTOR = YES;
				GCC_WARN_UNINITIALIZED_AUTOS = YES_AGGRESSIVE;
				GCC_WARN_UNUSED_FUNCTION = YES;
				GCC_WARN_UNUSED_VARIABLE = YES;
				LOCALIZATION_PREFERS_STRING_CATALOGS = YES;
				MTL_ENABLE_DEBUG_INFO = NO;
				MTL_FAST_MATH = YES;
				SWIFT_COMPILATION_MODE = wholemodule;
			};
			name = Release;
		};
		4D212C8B2B086E4000B63CC2 /* Debug */ = {
			isa = XCBuildConfiguration;
			buildSettings = {
				ASSETCATALOG_COMPILER_APPICON_NAME = AppIcon;
				ASSETCATALOG_COMPILER_GLOBAL_ACCENT_COLOR_NAME = AccentColor;
				CODE_SIGN_IDENTITY = "Apple Development";
				CODE_SIGN_STYLE = Automatic;
				CURRENT_PROJECT_VERSION = 1;
				DEVELOPMENT_ASSET_PATHS = "\"Market Watch App/Preview Content\"";
				DEVELOPMENT_TEAM = 73VJRTF9X7;
				ENABLE_PREVIEWS = YES;
				GENERATE_INFOPLIST_FILE = YES;
				INFOPLIST_KEY_CFBundleDisplayName = Market;
				INFOPLIST_KEY_UISupportedInterfaceOrientations = "UIInterfaceOrientationPortrait UIInterfaceOrientationPortraitUpsideDown";
				INFOPLIST_KEY_WKCompanionAppBundleIdentifier = com.loghozinsky.market;
				LD_RUNPATH_SEARCH_PATHS = (
					"$(inherited)",
					"@executable_path/Frameworks",
				);
				MARKETING_VERSION = 1.0;
				PRODUCT_BUNDLE_IDENTIFIER = com.loghozinsky.market.watchAppKit;
				PRODUCT_NAME = "$(TARGET_NAME)";
				PROVISIONING_PROFILE_SPECIFIER = "";
				SDKROOT = watchos;
				SKIP_INSTALL = YES;
				SWIFT_EMIT_LOC_STRINGS = YES;
				SWIFT_VERSION = 5.0;
				TARGETED_DEVICE_FAMILY = 4;
				WATCHOS_DEPLOYMENT_TARGET = 10.1;
			};
			name = Debug;
		};
		4D212C8C2B086E4000B63CC2 /* Release */ = {
			isa = XCBuildConfiguration;
			buildSettings = {
				ASSETCATALOG_COMPILER_APPICON_NAME = AppIcon;
				ASSETCATALOG_COMPILER_GLOBAL_ACCENT_COLOR_NAME = AccentColor;
				CODE_SIGN_IDENTITY = "Apple Development";
				CODE_SIGN_STYLE = Automatic;
				CURRENT_PROJECT_VERSION = 1;
				DEVELOPMENT_ASSET_PATHS = "\"Market Watch App/Preview Content\"";
				DEVELOPMENT_TEAM = 73VJRTF9X7;
				ENABLE_PREVIEWS = YES;
				GENERATE_INFOPLIST_FILE = YES;
				INFOPLIST_KEY_CFBundleDisplayName = Market;
				INFOPLIST_KEY_UISupportedInterfaceOrientations = "UIInterfaceOrientationPortrait UIInterfaceOrientationPortraitUpsideDown";
				INFOPLIST_KEY_WKCompanionAppBundleIdentifier = com.loghozinsky.market;
				LD_RUNPATH_SEARCH_PATHS = (
					"$(inherited)",
					"@executable_path/Frameworks",
				);
				MARKETING_VERSION = 1.0;
				PRODUCT_BUNDLE_IDENTIFIER = com.loghozinsky.market.watchAppKit;
				PRODUCT_NAME = "$(TARGET_NAME)";
				PROVISIONING_PROFILE_SPECIFIER = "";
				SDKROOT = watchos;
				SKIP_INSTALL = YES;
				SWIFT_EMIT_LOC_STRINGS = YES;
				SWIFT_VERSION = 5.0;
				TARGETED_DEVICE_FAMILY = 4;
				VALIDATE_PRODUCT = YES;
				WATCHOS_DEPLOYMENT_TARGET = 10.1;
			};
			name = Release;
		};
		4D212C8F2B086E4000B63CC2 /* Debug */ = {
			isa = XCBuildConfiguration;
			buildSettings = {
				ALWAYS_EMBED_SWIFT_STANDARD_LIBRARIES = YES;
				ASSETCATALOG_COMPILER_APPICON_NAME = AppIcon;
				ASSETCATALOG_COMPILER_GLOBAL_ACCENT_COLOR_NAME = AccentColor;
				CODE_SIGN_IDENTITY = "Apple Development";
				CODE_SIGN_STYLE = Automatic;
				CURRENT_PROJECT_VERSION = 3;
				DEVELOPMENT_ASSET_PATHS = "\"Market/Preview Content\"";
				DEVELOPMENT_TEAM = 73VJRTF9X7;
				ENABLE_PREVIEWS = YES;
				GENERATE_INFOPLIST_FILE = YES;
				INFOPLIST_KEY_CFBundleDisplayName = Market;
				INFOPLIST_KEY_LSApplicationCategoryType = "public.app-category.shopping";
				INFOPLIST_KEY_UIApplicationSceneManifest_Generation = YES;
				INFOPLIST_KEY_UIApplicationSupportsIndirectInputEvents = YES;
				INFOPLIST_KEY_UILaunchScreen_Generation = YES;
				INFOPLIST_KEY_UISupportedInterfaceOrientations = "UIInterfaceOrientationLandscapeLeft UIInterfaceOrientationLandscapeRight UIInterfaceOrientationPortrait UIInterfaceOrientationPortraitUpsideDown";
				IPHONEOS_DEPLOYMENT_TARGET = 17.1;
				LD_RUNPATH_SEARCH_PATHS = (
					"$(inherited)",
					"@executable_path/Frameworks",
				);
				MARKETING_VERSION = 1.0;
				PRODUCT_BUNDLE_IDENTIFIER = com.loghozinsky.market;
				PRODUCT_NAME = "$(TARGET_NAME)";
				PROVISIONING_PROFILE_SPECIFIER = "";
				SDKROOT = iphoneos;
				SWIFT_EMIT_LOC_STRINGS = YES;
				SWIFT_VERSION = 5.0;
				TARGETED_DEVICE_FAMILY = "1,2";
			};
			name = Debug;
		};
		4D212C902B086E4000B63CC2 /* Release */ = {
			isa = XCBuildConfiguration;
			buildSettings = {
				ALWAYS_EMBED_SWIFT_STANDARD_LIBRARIES = YES;
				ASSETCATALOG_COMPILER_APPICON_NAME = AppIcon;
				ASSETCATALOG_COMPILER_GLOBAL_ACCENT_COLOR_NAME = AccentColor;
				CODE_SIGN_IDENTITY = "Apple Development";
				CODE_SIGN_STYLE = Automatic;
				CURRENT_PROJECT_VERSION = 3;
				DEVELOPMENT_ASSET_PATHS = "\"Market/Preview Content\"";
				DEVELOPMENT_TEAM = 73VJRTF9X7;
				ENABLE_PREVIEWS = YES;
				GENERATE_INFOPLIST_FILE = YES;
				INFOPLIST_KEY_CFBundleDisplayName = Market;
				INFOPLIST_KEY_LSApplicationCategoryType = "public.app-category.shopping";
				INFOPLIST_KEY_UIApplicationSceneManifest_Generation = YES;
				INFOPLIST_KEY_UIApplicationSupportsIndirectInputEvents = YES;
				INFOPLIST_KEY_UILaunchScreen_Generation = YES;
				INFOPLIST_KEY_UISupportedInterfaceOrientations = "UIInterfaceOrientationLandscapeLeft UIInterfaceOrientationLandscapeRight UIInterfaceOrientationPortrait UIInterfaceOrientationPortraitUpsideDown";
				IPHONEOS_DEPLOYMENT_TARGET = 17.1;
				LD_RUNPATH_SEARCH_PATHS = (
					"$(inherited)",
					"@executable_path/Frameworks",
				);
				MARKETING_VERSION = 1.0;
				PRODUCT_BUNDLE_IDENTIFIER = com.loghozinsky.market;
				PRODUCT_NAME = "$(TARGET_NAME)";
				PROVISIONING_PROFILE_SPECIFIER = "";
				SDKROOT = iphoneos;
				SWIFT_EMIT_LOC_STRINGS = YES;
				SWIFT_VERSION = 5.0;
				TARGETED_DEVICE_FAMILY = "1,2";
				VALIDATE_PRODUCT = YES;
			};
			name = Release;
		};
		4D212CB32B0870BA00B63CC2 /* Debug */ = {
			isa = XCBuildConfiguration;
			buildSettings = {
				CODE_SIGN_IDENTITY = "Apple Development";
				CODE_SIGN_STYLE = Automatic;
				CURRENT_PROJECT_VERSION = 1;
				DEFINES_MODULE = YES;
				DEVELOPMENT_TEAM = 73VJRTF9X7;
				DRIVERKIT_DEPLOYMENT_TARGET = 23.1;
				DYLIB_COMPATIBILITY_VERSION = 1;
				DYLIB_CURRENT_VERSION = 1;
				DYLIB_INSTALL_NAME_BASE = "@rpath";
				ENABLE_MODULE_VERIFIER = YES;
				GENERATE_INFOPLIST_FILE = YES;
				INFOPLIST_KEY_NSHumanReadableCopyright = "";
				INSTALL_PATH = "$(LOCAL_LIBRARY_DIR)/Frameworks";
				IPHONEOS_DEPLOYMENT_TARGET = 17.1;
				LD_RUNPATH_SEARCH_PATHS = (
					"@executable_path/Frameworks",
					"@loader_path/Frameworks",
				);
				"LD_RUNPATH_SEARCH_PATHS[sdk=macosx*]" = (
					"@executable_path/../Frameworks",
					"@loader_path/Frameworks",
				);
				MACOSX_DEPLOYMENT_TARGET = 14.0;
				MARKETING_VERSION = 1.0;
				MODULE_VERIFIER_SUPPORTED_LANGUAGES = "objective-c objective-c++";
				MODULE_VERIFIER_SUPPORTED_LANGUAGE_STANDARDS = "gnu17 gnu++20";
				PRODUCT_BUNDLE_IDENTIFIER = com.loghozinsky.market.library;
				PRODUCT_NAME = "$(TARGET_NAME:c99extidentifier)";
				PROVISIONING_PROFILE_SPECIFIER = "";
				SDKROOT = auto;
				SKIP_INSTALL = YES;
				SUPPORTED_PLATFORMS = "$(AVAILABLE_PLATFORMS)";
				SUPPORTS_MACCATALYST = YES;
				SUPPORTS_MAC_DESIGNED_FOR_IPHONE_IPAD = YES;
				SUPPORTS_XR_DESIGNED_FOR_IPHONE_IPAD = YES;
				SWIFT_EMIT_LOC_STRINGS = YES;
				SWIFT_VERSION = 5.0;
				TARGETED_DEVICE_FAMILY = "1,2,3,4,6,7";
				TVOS_DEPLOYMENT_TARGET = 17.1;
				VERSIONING_SYSTEM = "apple-generic";
				VERSION_INFO_PREFIX = "";
				WATCHOS_DEPLOYMENT_TARGET = 10.1;
			};
			name = Debug;
		};
		4D212CB42B0870BA00B63CC2 /* Release */ = {
			isa = XCBuildConfiguration;
			buildSettings = {
				CODE_SIGN_IDENTITY = "Apple Development";
				CODE_SIGN_STYLE = Automatic;
				CURRENT_PROJECT_VERSION = 1;
				DEFINES_MODULE = YES;
				DEVELOPMENT_TEAM = 73VJRTF9X7;
				DRIVERKIT_DEPLOYMENT_TARGET = 23.1;
				DYLIB_COMPATIBILITY_VERSION = 1;
				DYLIB_CURRENT_VERSION = 1;
				DYLIB_INSTALL_NAME_BASE = "@rpath";
				ENABLE_MODULE_VERIFIER = YES;
				GENERATE_INFOPLIST_FILE = YES;
				INFOPLIST_KEY_NSHumanReadableCopyright = "";
				INSTALL_PATH = "$(LOCAL_LIBRARY_DIR)/Frameworks";
				IPHONEOS_DEPLOYMENT_TARGET = 17.1;
				LD_RUNPATH_SEARCH_PATHS = (
					"@executable_path/Frameworks",
					"@loader_path/Frameworks",
				);
				"LD_RUNPATH_SEARCH_PATHS[sdk=macosx*]" = (
					"@executable_path/../Frameworks",
					"@loader_path/Frameworks",
				);
				MACOSX_DEPLOYMENT_TARGET = 14.0;
				MARKETING_VERSION = 1.0;
				MODULE_VERIFIER_SUPPORTED_LANGUAGES = "objective-c objective-c++";
				MODULE_VERIFIER_SUPPORTED_LANGUAGE_STANDARDS = "gnu17 gnu++20";
				PRODUCT_BUNDLE_IDENTIFIER = com.loghozinsky.market.library;
				PRODUCT_NAME = "$(TARGET_NAME:c99extidentifier)";
				PROVISIONING_PROFILE_SPECIFIER = "";
				SDKROOT = auto;
				SKIP_INSTALL = YES;
				SUPPORTED_PLATFORMS = "$(AVAILABLE_PLATFORMS)";
				SUPPORTS_MACCATALYST = YES;
				SUPPORTS_MAC_DESIGNED_FOR_IPHONE_IPAD = YES;
				SUPPORTS_XR_DESIGNED_FOR_IPHONE_IPAD = YES;
				SWIFT_EMIT_LOC_STRINGS = YES;
				SWIFT_VERSION = 5.0;
				TARGETED_DEVICE_FAMILY = "1,2,3,4,6,7";
				TVOS_DEPLOYMENT_TARGET = 17.1;
				VERSIONING_SYSTEM = "apple-generic";
				VERSION_INFO_PREFIX = "";
				WATCHOS_DEPLOYMENT_TARGET = 10.1;
			};
			name = Release;
		};
/* End XCBuildConfiguration section */

/* Begin XCConfigurationList section */
		4D212C652B086E3D00B63CC2 /* Build configuration list for PBXProject "Market" */ = {
			isa = XCConfigurationList;
			buildConfigurations = (
				4D212C882B086E4000B63CC2 /* Debug */,
				4D212C892B086E4000B63CC2 /* Release */,
			);
			defaultConfigurationIsVisible = 0;
			defaultConfigurationName = Release;
		};
		4D212C8A2B086E4000B63CC2 /* Build configuration list for PBXNativeTarget "Market Watch App" */ = {
			isa = XCConfigurationList;
			buildConfigurations = (
				4D212C8B2B086E4000B63CC2 /* Debug */,
				4D212C8C2B086E4000B63CC2 /* Release */,
			);
			defaultConfigurationIsVisible = 0;
			defaultConfigurationName = Release;
		};
		4D212C8E2B086E4000B63CC2 /* Build configuration list for PBXNativeTarget "Market" */ = {
			isa = XCConfigurationList;
			buildConfigurations = (
				4D212C8F2B086E4000B63CC2 /* Debug */,
				4D212C902B086E4000B63CC2 /* Release */,
			);
			defaultConfigurationIsVisible = 0;
			defaultConfigurationName = Release;
		};
		4D212CB22B0870BA00B63CC2 /* Build configuration list for PBXNativeTarget "Market Library" */ = {
			isa = XCConfigurationList;
			buildConfigurations = (
				4D212CB32B0870BA00B63CC2 /* Debug */,
				4D212CB42B0870BA00B63CC2 /* Release */,
			);
			defaultConfigurationIsVisible = 0;
			defaultConfigurationName = Release;
		};
/* End XCConfigurationList section */
	};
	rootObject = 4D212C622B086E3D00B63CC2 /* Project object */;
}
